
Microsoft Visual Studio Solution File, Format Version 12.00
# Visual Studio Version 17
VisualStudioVersion = 17.5.002.0
MinimumVisualStudioVersion = 10.0.40219.1
Project("{9A19103F-16F7-4668-BE54-9A1E7A4F7556}") = "PlayerRankApp", "PlayerRankApp\PlayerRankApp.csproj", "{88DF83C6-DB94-4088-A961-D795B33B95EB}"
EndProject
Global
	GlobalSection(SolutionConfigurationPlatforms) = preSolution
		Debug|Any CPU = Debug|Any CPU
		Release|Any CPU = Release|Any CPU
	EndGlobalSection
	GlobalSection(ProjectConfigurationPlatforms) = postSolution
		{88DF83C6-DB94-4088-A961-D795B33B95EB}.Debug|Any CPU.ActiveCfg = Debug|Any CPU
		{88DF83C6-DB94-4088-A961-D795B33B95EB}.Debug|Any CPU.Build.0 = Debug|Any CPU
		{88DF83C6-DB94-4088-A961-D795B33B95EB}.Release|Any CPU.ActiveCfg = Release|Any CPU
		{88DF83C6-DB94-4088-A961-D795B33B95EB}.Release|Any CPU.Build.0 = Release|Any CPU
	EndGlobalSection
	GlobalSection(SolutionProperties) = preSolution
		HideSolutionNode = FALSE
	EndGlobalSection
	GlobalSection(ExtensibilityGlobals) = postSolution
		SolutionGuid = {E10714B8-4DC4-475B-9AD8-0A56CBE46430}
	EndGlobalSection
EndGlobal
